// !$*UTF8*$!
{
	archiveVersion = 1;
	classes = {
	};
	objectVersion = 56;
	objects = {

/* Begin PBXBuildFile section */
		DD3D4CD529DF3E4600F78443 /* AppDelegate.swift in Sources */ = {isa = PBXBuildFile; fileRef = DD3D4CD429DF3E4600F78443 /* AppDelegate.swift */; };
		DD3D4CD729DF3E4600F78443 /* SceneDelegate.swift in Sources */ = {isa = PBXBuildFile; fileRef = DD3D4CD629DF3E4600F78443 /* SceneDelegate.swift */; };
		DD3D4CDC29DF3E4600F78443 /* Main.storyboard in Resources */ = {isa = PBXBuildFile; fileRef = DD3D4CDA29DF3E4600F78443 /* Main.storyboard */; };
		DD3D4CE129DF3E4700F78443 /* Assets.xcassets in Resources */ = {isa = PBXBuildFile; fileRef = DD3D4CE029DF3E4700F78443 /* Assets.xcassets */; };
		DD3D4CE429DF3E4700F78443 /* LaunchScreen.storyboard in Resources */ = {isa = PBXBuildFile; fileRef = DD3D4CE229DF3E4700F78443 /* LaunchScreen.storyboard */; };
		DD3D4CED29DF3F6E00F78443 /* TravelMapController.swift in Sources */ = {isa = PBXBuildFile; fileRef = DD3D4CEC29DF3F6E00F78443 /* TravelMapController.swift */; };
		DD3D4CF129E0058900F78443 /* VirtualTourist4.xcdatamodeld in Sources */ = {isa = PBXBuildFile; fileRef = DD3D4CEF29E0058900F78443 /* VirtualTourist4.xcdatamodeld */; };
		DD3D4CF329E0079700F78443 /* DataController.swift in Sources */ = {isa = PBXBuildFile; fileRef = DD3D4CF229E0079700F78443 /* DataController.swift */; };
		DD3D4CF529E008F300F78443 /* ApiCall.swift in Sources */ = {isa = PBXBuildFile; fileRef = DD3D4CF429E008F300F78443 /* ApiCall.swift */; };
		DD3D4CF729E0097600F78443 /* FlickrImageResponse.swift in Sources */ = {isa = PBXBuildFile; fileRef = DD3D4CF629E0097600F78443 /* FlickrImageResponse.swift */; };
		DD3D4CF929E0291900F78443 /* PhotoAlbumController.swift in Sources */ = {isa = PBXBuildFile; fileRef = DD3D4CF829E0291900F78443 /* PhotoAlbumController.swift */; };
		DD3D4CFB29E21C2E00F78443 /* PhotoCell.swift in Sources */ = {isa = PBXBuildFile; fileRef = DD3D4CFA29E21C2E00F78443 /* PhotoCell.swift */; };
/* End PBXBuildFile section */

/* Begin PBXFileReference section */
		DD3D4CD129DF3E4600F78443 /* VirtualTourist4.app */ = {isa = PBXFileReference; explicitFileType = wrapper.application; includeInIndex = 0; path = VirtualTourist4.app; sourceTree = BUILT_PRODUCTS_DIR; };
		DD3D4CD429DF3E4600F78443 /* AppDelegate.swift */ = {isa = PBXFileReference; lastKnownFileType = sourcecode.swift; path = AppDelegate.swift; sourceTree = "<group>"; };
		DD3D4CD629DF3E4600F78443 /* SceneDelegate.swift */ = {isa = PBXFileReference; lastKnownFileType = sourcecode.swift; path = SceneDelegate.swift; sourceTree = "<group>"; };
		DD3D4CDB29DF3E4600F78443 /* Base */ = {isa = PBXFileReference; lastKnownFileType = file.storyboard; name = Base; path = Base.lproj/Main.storyboard; sourceTree = "<group>"; };
		DD3D4CE029DF3E4700F78443 /* Assets.xcassets */ = {isa = PBXFileReference; lastKnownFileType = folder.assetcatalog; path = Assets.xcassets; sourceTree = "<group>"; };
		DD3D4CE329DF3E4700F78443 /* Base */ = {isa = PBXFileReference; lastKnownFileType = file.storyboard; name = Base; path = Base.lproj/LaunchScreen.storyboard; sourceTree = "<group>"; };
		DD3D4CE529DF3E4700F78443 /* Info.plist */ = {isa = PBXFileReference; lastKnownFileType = text.plist.xml; path = Info.plist; sourceTree = "<group>"; };
		DD3D4CEC29DF3F6E00F78443 /* TravelMapController.swift */ = {isa = PBXFileReference; lastKnownFileType = sourcecode.swift; path = TravelMapController.swift; sourceTree = "<group>"; };
		DD3D4CF029E0058900F78443 /* VirtualTourist4.xcdatamodel */ = {isa = PBXFileReference; lastKnownFileType = wrapper.xcdatamodel; path = VirtualTourist4.xcdatamodel; sourceTree = "<group>"; };
		DD3D4CF229E0079700F78443 /* DataController.swift */ = {isa = PBXFileReference; lastKnownFileType = sourcecode.swift; path = DataController.swift; sourceTree = "<group>"; };
		DD3D4CF429E008F300F78443 /* ApiCall.swift */ = {isa = PBXFileReference; lastKnownFileType = sourcecode.swift; path = ApiCall.swift; sourceTree = "<group>"; };
		DD3D4CF629E0097600F78443 /* FlickrImageResponse.swift */ = {isa = PBXFileReference; lastKnownFileType = sourcecode.swift; path = FlickrImageResponse.swift; sourceTree = "<group>"; };
		DD3D4CF829E0291900F78443 /* PhotoAlbumController.swift */ = {isa = PBXFileReference; lastKnownFileType = sourcecode.swift; path = PhotoAlbumController.swift; sourceTree = "<group>"; };
		DD3D4CFA29E21C2E00F78443 /* PhotoCell.swift */ = {isa = PBXFileReference; lastKnownFileType = sourcecode.swift; path = PhotoCell.swift; sourceTree = "<group>"; };
/* End PBXFileReference section */

/* Begin PBXFrameworksBuildPhase section */
		DD3D4CCE29DF3E4600F78443 /* Frameworks */ = {
			isa = PBXFrameworksBuildPhase;
			buildActionMask = 2147483647;
			files = (
			);
			runOnlyForDeploymentPostprocessing = 0;
		};
/* End PBXFrameworksBuildPhase section */

/* Begin PBXGroup section */
		DD3D4CC829DF3E4600F78443 = {
			isa = PBXGroup;
			children = (
				DD3D4CD329DF3E4600F78443 /* VirtualTourist4 */,
				DD3D4CD229DF3E4600F78443 /* Products */,
			);
			sourceTree = "<group>";
		};
		DD3D4CD229DF3E4600F78443 /* Products */ = {
			isa = PBXGroup;
			children = (
				DD3D4CD129DF3E4600F78443 /* VirtualTourist4.app */,
			);
			name = Products;
			sourceTree = "<group>";
		};
		DD3D4CD329DF3E4600F78443 /* VirtualTourist4 */ = {
			isa = PBXGroup;
			children = (
				DD3D4CEE29DFFDF200F78443 /* Model */,
				DD3D4CEB29DF3E5900F78443 /* Controllers */,
				DD3D4CD429DF3E4600F78443 /* AppDelegate.swift */,
				DD3D4CD629DF3E4600F78443 /* SceneDelegate.swift */,
				DD3D4CDA29DF3E4600F78443 /* Main.storyboard */,
				DD3D4CE029DF3E4700F78443 /* Assets.xcassets */,
				DD3D4CE229DF3E4700F78443 /* LaunchScreen.storyboard */,
				DD3D4CE529DF3E4700F78443 /* Info.plist */,
			);
			path = VirtualTourist4;
			sourceTree = "<group>";
		};
		DD3D4CEB29DF3E5900F78443 /* Controllers */ = {
			isa = PBXGroup;
			children = (
				DD3D4CEC29DF3F6E00F78443 /* TravelMapController.swift */,
				DD3D4CF229E0079700F78443 /* DataController.swift */,
				DD3D4CF829E0291900F78443 /* PhotoAlbumController.swift */,
				DD3D4CFA29E21C2E00F78443 /* PhotoCell.swift */,
			);
			path = Controllers;
			sourceTree = "<group>";
		};
		DD3D4CEE29DFFDF200F78443 /* Model */ = {
			isa = PBXGroup;
			children = (
				DD3D4CEF29E0058900F78443 /* VirtualTourist4.xcdatamodeld */,
				DD3D4CF429E008F300F78443 /* ApiCall.swift */,
				DD3D4CF629E0097600F78443 /* FlickrImageResponse.swift */,
			);
			path = Model;
			sourceTree = "<group>";
		};
/* End PBXGroup section */

/* Begin PBXNativeTarget section */
		DD3D4CD029DF3E4600F78443 /* VirtualTourist4 */ = {
			isa = PBXNativeTarget;
			buildConfigurationList = DD3D4CE829DF3E4700F78443 /* Build configuration list for PBXNativeTarget "VirtualTourist4" */;
			buildPhases = (
				DD3D4CCD29DF3E4600F78443 /* Sources */,
				DD3D4CCE29DF3E4600F78443 /* Frameworks */,
				DD3D4CCF29DF3E4600F78443 /* Resources */,
			);
			buildRules = (
			);
			dependencies = (
			);
			name = VirtualTourist4;
			productName = VirtualTourist4;
			productReference = DD3D4CD129DF3E4600F78443 /* VirtualTourist4.app */;
			productType = "com.apple.product-type.application";
		};
/* End PBXNativeTarget section */

/* Begin PBXProject section */
		DD3D4CC929DF3E4600F78443 /* Project object */ = {
			isa = PBXProject;
			attributes = {
				BuildIndependentTargetsInParallel = 1;
				LastSwiftUpdateCheck = 1430;
				LastUpgradeCheck = 1430;
				TargetAttributes = {
					DD3D4CD029DF3E4600F78443 = {
						CreatedOnToolsVersion = 14.3;
					};
				};
			};
			buildConfigurationList = DD3D4CCC29DF3E4600F78443 /* Build configuration list for PBXProject "VirtualTourist4" */;
			compatibilityVersion = "Xcode 14.0";
			developmentRegion = en;
			hasScannedForEncodings = 0;
			knownRegions = (
				en,
				Base,
			);
			mainGroup = DD3D4CC829DF3E4600F78443;
			productRefGroup = DD3D4CD229DF3E4600F78443 /* Products */;
			projectDirPath = "";
			projectRoot = "";
			targets = (
				DD3D4CD029DF3E4600F78443 /* VirtualTourist4 */,
			);
		};
/* End PBXProject section */

/* Begin PBXResourcesBuildPhase section */
		DD3D4CCF29DF3E4600F78443 /* Resources */ = {
			isa = PBXResourcesBuildPhase;
			buildActionMask = 2147483647;
			files = (
				DD3D4CE429DF3E4700F78443 /* LaunchScreen.storyboard in Resources */,
				DD3D4CE129DF3E4700F78443 /* Assets.xcassets in Resources */,
				DD3D4CDC29DF3E4600F78443 /* Main.storyboard in Resources */,
			);
			runOnlyForDeploymentPostprocessing = 0;
		};
/* End PBXResourcesBuildPhase section */

/* Begin PBXSourcesBuildPhase section */
		DD3D4CCD29DF3E4600F78443 /* Sources */ = {
			isa = PBXSourcesBuildPhase;
			buildActionMask = 2147483647;
			files = (
				DD3D4CED29DF3F6E00F78443 /* TravelMapController.swift in Sources */,
				DD3D4CFB29E21C2E00F78443 /* PhotoCell.swift in Sources */,
				DD3D4CF729E0097600F78443 /* FlickrImageResponse.swift in Sources */,
				DD3D4CF329E0079700F78443 /* DataController.swift in Sources */,
				DD3D4CF529E008F300F78443 /* ApiCall.swift in Sources */,
				DD3D4CF929E0291900F78443 /* PhotoAlbumController.swift in Sources */,
				DD3D4CD529DF3E4600F78443 /* AppDelegate.swift in Sources */,
				DD3D4CD729DF3E4600F78443 /* SceneDelegate.swift in Sources */,
				DD3D4CF129E0058900F78443 /* VirtualTourist4.xcdatamodeld in Sources */,
			);
			runOnlyForDeploymentPostprocessing = 0;
		};
/* End PBXSourcesBuildPhase section */

/* Begin PBXVariantGroup section */
		DD3D4CDA29DF3E4600F78443 /* Main.storyboard */ = {
			isa = PBXVariantGroup;
			children = (
				DD3D4CDB29DF3E4600F78443 /* Base */,
			);
			name = Main.storyboard;
			sourceTree = "<group>";
		};
		DD3D4CE229DF3E4700F78443 /* LaunchScreen.storyboard */ = {
			isa = PBXVariantGroup;
			children = (
				DD3D4CE329DF3E4700F78443 /* Base */,
			);
			name = LaunchScreen.storyboard;
			sourceTree = "<group>";
		};
/* End PBXVariantGroup section */

/* Begin XCBuildConfiguration section */
		DD3D4CE629DF3E4700F78443 /* Debug */ = {
			isa = XCBuildConfiguration;
			buildSettings = {
				ALWAYS_SEARCH_USER_PATHS = NO;
				CLANG_ANALYZER_NONNULL = YES;
				CLANG_ANALYZER_NUMBER_OBJECT_CONVERSION = YES_AGGRESSIVE;
				CLANG_CXX_LANGUAGE_STANDARD = "gnu++20";
				CLANG_ENABLE_MODULES = YES;
				CLANG_ENABLE_OBJC_ARC = YES;
				CLANG_ENABLE_OBJC_WEAK = YES;
				CLANG_WARN_BLOCK_CAPTURE_AUTORELEASING = YES;
				CLANG_WARN_BOOL_CONVERSION = YES;
				CLANG_WARN_COMMA = YES;
				CLANG_WARN_CONSTANT_CONVERSION = YES;
				CLANG_WARN_DEPRECATED_OBJC_IMPLEMENTATIONS = YES;
				CLANG_WARN_DIRECT_OBJC_ISA_USAGE = YES_ERROR;
				CLANG_WARN_DOCUMENTATION_COMMENTS = YES;
				CLANG_WARN_EMPTY_BODY = YES;
				CLANG_WARN_ENUM_CONVERSION = YES;
				CLANG_WARN_INFINITE_RECURSION = YES;
				CLANG_WARN_INT_CONVERSION = YES;
				CLANG_WARN_NON_LITERAL_NULL_CONVERSION = YES;
				CLANG_WARN_OBJC_IMPLICIT_RETAIN_SELF = YES;
				CLANG_WARN_OBJC_LITERAL_CONVERSION = YES;
				CLANG_WARN_OBJC_ROOT_CLASS = YES_ERROR;
				CLANG_WARN_QUOTED_INCLUDE_IN_FRAMEWORK_HEADER = YES;
				CLANG_WARN_RANGE_LOOP_ANALYSIS = YES;
				CLANG_WARN_STRICT_PROTOTYPES = YES;
				CLANG_WARN_SUSPICIOUS_MOVE = YES;
				CLANG_WARN_UNGUARDED_AVAILABILITY = YES_AGGRESSIVE;
				CLANG_WARN_UNREACHABLE_CODE = YES;
				CLANG_WARN__DUPLICATE_METHOD_MATCH = YES;
				COPY_PHASE_STRIP = NO;
				DEBUG_INFORMATION_FORMAT = dwarf;
				ENABLE_STRICT_OBJC_MSGSEND = YES;
				ENABLE_TESTABILITY = YES;
				GCC_C_LANGUAGE_STANDARD = gnu11;
				GCC_DYNAMIC_NO_PIC = NO;
				GCC_NO_COMMON_BLOCKS = YES;
				GCC_OPTIMIZATION_LEVEL = 0;
				GCC_PREPROCESSOR_DEFINITIONS = (
					"DEBUG=1",
					"$(inherited)",
				);
				GCC_WARN_64_TO_32_BIT_CONVERSION = YES;
				GCC_WARN_ABOUT_RETURN_TYPE = YES_ERROR;
				GCC_WARN_UNDECLARED_SELECTOR = YES;
				GCC_WARN_UNINITIALIZED_AUTOS = YES_AGGRESSIVE;
				GCC_WARN_UNUSED_FUNCTION = YES;
				GCC_WARN_UNUSED_VARIABLE = YES;
				IPHONEOS_DEPLOYMENT_TARGET = 16.4;
				MTL_ENABLE_DEBUG_INFO = INCLUDE_SOURCE;
				MTL_FAST_MATH = YES;
				ONLY_ACTIVE_ARCH = YES;
				SDKROOT = iphoneos;
				SWIFT_ACTIVE_COMPILATION_CONDITIONS = DEBUG;
				SWIFT_OPTIMIZATION_LEVEL = "-Onone";
			};
			name = Debug;
		};
		DD3D4CE729DF3E4700F78443 /* Release */ = {
			isa = XCBuildConfiguration;
			buildSettings = {
				ALWAYS_SEARCH_USER_PATHS = NO;
				CLANG_ANALYZER_NONNULL = YES;
				CLANG_ANALYZER_NUMBER_OBJECT_CONVERSION = YES_AGGRESSIVE;
				CLANG_CXX_LANGUAGE_STANDARD = "gnu++20";
				CLANG_ENABLE_MODULES = YES;
				CLANG_ENABLE_OBJC_ARC = YES;
				CLANG_ENABLE_OBJC_WEAK = YES;
				CLANG_WARN_BLOCK_CAPTURE_AUTORELEASING = YES;
				CLANG_WARN_BOOL_CONVERSION = YES;
				CLANG_WARN_COMMA = YES;
				CLANG_WARN_CONSTANT_CONVERSION = YES;
				CLANG_WARN_DEPRECATED_OBJC_IMPLEMENTATIONS = YES;
				CLANG_WARN_DIRECT_OBJC_ISA_USAGE = YES_ERROR;
				CLANG_WARN_DOCUMENTATION_COMMENTS = YES;
				CLANG_WARN_EMPTY_BODY = YES;
				CLANG_WARN_ENUM_CONVERSION = YES;
				CLANG_WARN_INFINITE_RECURSION = YES;
				CLANG_WARN_INT_CONVERSION = YES;
				CLANG_WARN_NON_LITERAL_NULL_CONVERSION = YES;
				CLANG_WARN_OBJC_IMPLICIT_RETAIN_SELF = YES;
				CLANG_WARN_OBJC_LITERAL_CONVERSION = YES;
				CLANG_WARN_OBJC_ROOT_CLASS = YES_ERROR;
				CLANG_WARN_QUOTED_INCLUDE_IN_FRAMEWORK_HEADER = YES;
				CLANG_WARN_RANGE_LOOP_ANALYSIS = YES;
				CLANG_WARN_STRICT_PROTOTYPES = YES;
				CLANG_WARN_SUSPICIOUS_MOVE = YES;
				CLANG_WARN_UNGUARDED_AVAILABILITY = YES_AGGRESSIVE;
				CLANG_WARN_UNREACHABLE_CODE = YES;
				CLANG_WARN__DUPLICATE_METHOD_MATCH = YES;
				COPY_PHASE_STRIP = NO;
				DEBUG_INFORMATION_FORMAT = "dwarf-with-dsym";
				ENABLE_NS_ASSERTIONS = NO;
				ENABLE_STRICT_OBJC_MSGSEND = YES;
				GCC_C_LANGUAGE_STANDARD = gnu11;
				GCC_NO_COMMON_BLOCKS = YES;
				GCC_WARN_64_TO_32_BIT_CONVERSION = YES;
				GCC_WARN_ABOUT_RETURN_TYPE = YES_ERROR;
				GCC_WARN_UNDECLARED_SELECTOR = YES;
				GCC_WARN_UNINITIALIZED_AUTOS = YES_AGGRESSIVE;
				GCC_WARN_UNUSED_FUNCTION = YES;
				GCC_WARN_UNUSED_VARIABLE = YES;
				IPHONEOS_DEPLOYMENT_TARGET = 16.4;
				MTL_ENABLE_DEBUG_INFO = NO;
				MTL_FAST_MATH = YES;
				SDKROOT = iphoneos;
				SWIFT_COMPILATION_MODE = wholemodule;
				SWIFT_OPTIMIZATION_LEVEL = "-O";
				VALIDATE_PRODUCT = YES;
			};
			name = Release;
		};
		DD3D4CE929DF3E4700F78443 /* Debug */ = {
			isa = XCBuildConfiguration;
			buildSettings = {
				ASSETCATALOG_COMPILER_APPICON_NAME = AppIcon;
				ASSETCATALOG_COMPILER_GLOBAL_ACCENT_COLOR_NAME = AccentColor;
				CODE_SIGN_STYLE = Automatic;
				CURRENT_PROJECT_VERSION = 1;
				DEVELOPMENT_TEAM = P877L6KY5H;
				GENERATE_INFOPLIST_FILE = YES;
				INFOPLIST_FILE = VirtualTourist4/Info.plist;
				INFOPLIST_KEY_UIApplicationSupportsIndirectInputEvents = YES;
				INFOPLIST_KEY_UILaunchStoryboardName = LaunchScreen;
				INFOPLIST_KEY_UIMainStoryboardFile = Main;
				INFOPLIST_KEY_UISupportedInterfaceOrientations_iPad = "UIInterfaceOrientationPortrait UIInterfaceOrientationPortraitUpsideDown UIInterfaceOrientationLandscapeLeft UIInterfaceOrientationLandscapeRight";
				INFOPLIST_KEY_UISupportedInterfaceOrientations_iPhone = "UIInterfaceOrientationPortrait UIInterfaceOrientationLandscapeLeft UIInterfaceOrientationLandscapeRight";
				LD_RUNPATH_SEARCH_PATHS = (
					"$(inherited)",
					"@executable_path/Frameworks",
				);
				MARKETING_VERSION = 1.0;
				PRODUCT_BUNDLE_IDENTIFIER = Thomas.Pantos.VirtualTourist4;
				PRODUCT_NAME = "$(TARGET_NAME)";
				SWIFT_EMIT_LOC_STRINGS = YES;
				SWIFT_VERSION = 5.0;
				TARGETED_DEVICE_FAMILY = "1,2";
			};
			name = Debug;
		};
		DD3D4CEA29DF3E4700F78443 /* Release */ = {
			isa = XCBuildConfiguration;
			buildSettings = {
				ASSETCATALOG_COMPILER_APPICON_NAME = AppIcon;
				ASSETCATALOG_COMPILER_GLOBAL_ACCENT_COLOR_NAME = AccentColor;
				CODE_SIGN_STYLE = Automatic;
				CURRENT_PROJECT_VERSION = 1;
				DEVELOPMENT_TEAM = P877L6KY5H;
				GENERATE_INFOPLIST_FILE = YES;
				INFOPLIST_FILE = VirtualTourist4/Info.plist;
				INFOPLIST_KEY_UIApplicationSupportsIndirectInputEvents = YES;
				INFOPLIST_KEY_UILaunchStoryboardName = LaunchScreen;
				INFOPLIST_KEY_UIMainStoryboardFile = Main;
				INFOPLIST_KEY_UISupportedInterfaceOrientations_iPad = "UIInterfaceOrientationPortrait UIInterfaceOrientationPortraitUpsideDown UIInterfaceOrientationLandscapeLeft UIInterfaceOrientationLandscapeRight";
				INFOPLIST_KEY_UISupportedInterfaceOrientations_iPhone = "UIInterfaceOrientationPortrait UIInterfaceOrientationLandscapeLeft UIInterfaceOrientationLandscapeRight";
				LD_RUNPATH_SEARCH_PATHS = (
					"$(inherited)",
					"@executable_path/Frameworks",
				);
				MARKETING_VERSION = 1.0;
				PRODUCT_BUNDLE_IDENTIFIER = Thomas.Pantos.VirtualTourist4;
				PRODUCT_NAME = "$(TARGET_NAME)";
				SWIFT_EMIT_LOC_STRINGS = YES;
				SWIFT_VERSION = 5.0;
				TARGETED_DEVICE_FAMILY = "1,2";
			};
			name = Release;
		};
/* End XCBuildConfiguration section */

/* Begin XCConfigurationList section */
		DD3D4CCC29DF3E4600F78443 /* Build configuration list for PBXProject "VirtualTourist4" */ = {
			isa = XCConfigurationList;
			buildConfigurations = (
				DD3D4CE629DF3E4700F78443 /* Debug */,
				DD3D4CE729DF3E4700F78443 /* Release */,
			);
			defaultConfigurationIsVisible = 0;
			defaultConfigurationName = Release;
		};
		DD3D4CE829DF3E4700F78443 /* Build configuration list for PBXNativeTarget "VirtualTourist4" */ = {
			isa = XCConfigurationList;
			buildConfigurations = (
				DD3D4CE929DF3E4700F78443 /* Debug */,
				DD3D4CEA29DF3E4700F78443 /* Release */,
			);
			defaultConfigurationIsVisible = 0;
			defaultConfigurationName = Release;
		};
/* End XCConfigurationList section */

/* Begin XCVersionGroup section */
		DD3D4CEF29E0058900F78443 /* VirtualTourist4.xcdatamodeld */ = {
			isa = XCVersionGroup;
			children = (
				DD3D4CF029E0058900F78443 /* VirtualTourist4.xcdatamodel */,
			);
			currentVersion = DD3D4CF029E0058900F78443 /* VirtualTourist4.xcdatamodel */;
			path = VirtualTourist4.xcdatamodeld;
			sourceTree = "<group>";
			versionGroupType = wrapper.xcdatamodel;
		};
/* End XCVersionGroup section */
	};
	rootObject = DD3D4CC929DF3E4600F78443 /* Project object */;
}
